
Microsoft Visual Studio Solution File, Format Version 12.00
# Visual Studio 15
VisualStudioVersion = 15.0.28307.329
MinimumVisualStudioVersion = 10.0.40219.1
Project("{FAE04EC0-301F-11D3-BF4B-00C04F79EFBC}") = "SE.Redis-Benchmark", "SE.Redis-Benchmark.csproj", "{0090F175-1E26-4010-AFC7-022EEA97F034}"
EndProject
Project("{9A19103F-16F7-4668-BE54-9A1E7A4F7556}") = "StackExchange.Redis", "..\AzRedisClient\src\StackExchange.Redis\StackExchange.Redis.csproj", "{61D3FF0E-B312-436D-84F0-E85A41AACE82}"
EndProject
Project("{9A19103F-16F7-4668-BE54-9A1E7A4F7556}") = "StatsEngine", "..\AzRedisClient\src\AzureEnhancements\StatsEngine\StatsEngine.csproj", "{D70E6CBF-5378-4538-B8BB-6BAA73359A41}"
EndProject
Project("{9A19103F-16F7-4668-BE54-9A1E7A4F7556}") = "StatsEngine.Shared", "..\AzRedisClient\src\AzureEnhancements\Shared\StatsEngine.Shared.csproj", "{8AE0E2E7-0F8E-4782-BC1F-09C52B9B6423}"
EndProject
Project("{9A19103F-16F7-4668-BE54-9A1E7A4F7556}") = "StatsEngine.Persistence", "..\AzRedisClient\src\AzureEnhancements\Persistence\StatsEngine.Persistence.csproj", "{68CB4CFD-5184-4F0D-9A2B-382A3DA78751}"
EndProject
Project("{9A19103F-16F7-4668-BE54-9A1E7A4F7556}") = "StatsEngine.Logging", "..\AzRedisClient\src\AzureEnhancements\Logging\StatsEngine.Logging.csproj", "{3459D3CA-EA9A-4BFB-B9F9-3738BBB8E4CC}"
EndProject
Project("{9A19103F-16F7-4668-BE54-9A1E7A4F7556}") = "StatsEngine.Analysis", "..\AzRedisClient\src\AzureEnhancements\Analysis\StatsEngine.Analysis.csproj", "{8F9FB515-C719-4E9E-9F4A-D8C7A62CC4B9}"
EndProject
Global
	GlobalSection(SolutionConfigurationPlatforms) = preSolution
		Debug|Any CPU = Debug|Any CPU
		Release|Any CPU = Release|Any CPU
	EndGlobalSection
	GlobalSection(ProjectConfigurationPlatforms) = postSolution
		{0090F175-1E26-4010-AFC7-022EEA97F034}.Debug|Any CPU.ActiveCfg = Debug|Any CPU
		{0090F175-1E26-4010-AFC7-022EEA97F034}.Debug|Any CPU.Build.0 = Debug|Any CPU
		{0090F175-1E26-4010-AFC7-022EEA97F034}.Release|Any CPU.ActiveCfg = Release|Any CPU
		{0090F175-1E26-4010-AFC7-022EEA97F034}.Release|Any CPU.Build.0 = Release|Any CPU
		{61D3FF0E-B312-436D-84F0-E85A41AACE82}.Debug|Any CPU.ActiveCfg = Debug|Any CPU
		{61D3FF0E-B312-436D-84F0-E85A41AACE82}.Debug|Any CPU.Build.0 = Debug|Any CPU
		{61D3FF0E-B312-436D-84F0-E85A41AACE82}.Release|Any CPU.ActiveCfg = Release|Any CPU
		{61D3FF0E-B312-436D-84F0-E85A41AACE82}.Release|Any CPU.Build.0 = Release|Any CPU
		{D70E6CBF-5378-4538-B8BB-6BAA73359A41}.Debug|Any CPU.ActiveCfg = Debug|Any CPU
		{D70E6CBF-5378-4538-B8BB-6BAA73359A41}.Debug|Any CPU.Build.0 = Debug|Any CPU
		{D70E6CBF-5378-4538-B8BB-6BAA73359A41}.Release|Any CPU.ActiveCfg = Release|Any CPU
		{D70E6CBF-5378-4538-B8BB-6BAA73359A41}.Release|Any CPU.Build.0 = Release|Any CPU
		{8AE0E2E7-0F8E-4782-BC1F-09C52B9B6423}.Debug|Any CPU.ActiveCfg = Debug|Any CPU
		{8AE0E2E7-0F8E-4782-BC1F-09C52B9B6423}.Debug|Any CPU.Build.0 = Debug|Any CPU
		{8AE0E2E7-0F8E-4782-BC1F-09C52B9B6423}.Release|Any CPU.ActiveCfg = Release|Any CPU
		{8AE0E2E7-0F8E-4782-BC1F-09C52B9B6423}.Release|Any CPU.Build.0 = Release|Any CPU
		{68CB4CFD-5184-4F0D-9A2B-382A3DA78751}.Debug|Any CPU.ActiveCfg = Debug|Any CPU
		{68CB4CFD-5184-4F0D-9A2B-382A3DA78751}.Debug|Any CPU.Build.0 = Debug|Any CPU
		{68CB4CFD-5184-4F0D-9A2B-382A3DA78751}.Release|Any CPU.ActiveCfg = Release|Any CPU
		{68CB4CFD-5184-4F0D-9A2B-382A3DA78751}.Release|Any CPU.Build.0 = Release|Any CPU
		{3459D3CA-EA9A-4BFB-B9F9-3738BBB8E4CC}.Debug|Any CPU.ActiveCfg = Debug|Any CPU
		{3459D3CA-EA9A-4BFB-B9F9-3738BBB8E4CC}.Debug|Any CPU.Build.0 = Debug|Any CPU
		{3459D3CA-EA9A-4BFB-B9F9-3738BBB8E4CC}.Release|Any CPU.ActiveCfg = Release|Any CPU
		{3459D3CA-EA9A-4BFB-B9F9-3738BBB8E4CC}.Release|Any CPU.Build.0 = Release|Any CPU
		{8F9FB515-C719-4E9E-9F4A-D8C7A62CC4B9}.Debug|Any CPU.ActiveCfg = Debug|Any CPU
		{8F9FB515-C719-4E9E-9F4A-D8C7A62CC4B9}.Debug|Any CPU.Build.0 = Debug|Any CPU
		{8F9FB515-C719-4E9E-9F4A-D8C7A62CC4B9}.Release|Any CPU.ActiveCfg = Release|Any CPU
		{8F9FB515-C719-4E9E-9F4A-D8C7A62CC4B9}.Release|Any CPU.Build.0 = Release|Any CPU
	EndGlobalSection
	GlobalSection(SolutionProperties) = preSolution
		HideSolutionNode = FALSE
	EndGlobalSection
	GlobalSection(ExtensibilityGlobals) = postSolution
		SolutionGuid = {9EF5868F-38BF-445F-9FF6-797B4E7AC353}
	EndGlobalSection
EndGlobal
